
Microsoft Visual Studio Solution File, Format Version 12.00
# Visual Studio Version 17
VisualStudioVersion = 17.0.31903.59
MinimumVisualStudioVersion = 10.0.40219.1
Project("{FAE04EC0-301F-11D3-BF4B-00C04F79EFBC}") = "GraphDrawerAddin", "GraphDrawerAddin\GraphDrawerAddin.csproj", "{7689F679-A5AF-4119-BE41-BF502AA78D9F}"
EndProject
Global
	GlobalSection(SolutionConfigurationPlatforms) = preSolution
		Debug|Any CPU = Debug|Any CPU
		Release|Any CPU = Release|Any CPU
	EndGlobalSection
	GlobalSection(ProjectConfigurationPlatforms) = postSolution
		{7689F679-A5AF-4119-BE41-BF502AA78D9F}.Debug|Any CPU.ActiveCfg = Debug|Any CPU
		{7689F679-A5AF-4119-BE41-BF502AA78D9F}.Debug|Any CPU.Build.0 = Debug|Any CPU
		{7689F679-A5AF-4119-BE41-BF502AA78D9F}.Release|Any CPU.ActiveCfg = Release|Any CPU
		{7689F679-A5AF-4119-BE41-BF502AA78D9F}.Release|Any CPU.Build.0 = Release|Any CPU
	EndGlobalSection
	GlobalSection(SolutionProperties) = preSolution
		HideSolutionNode = FALSE
	EndGlobalSection
	GlobalSection(ExtensibilityGlobals) = postSolution
		SolutionGuid = {390303B5-8395-4E63-87EE-AC9CC97E3D26}
	EndGlobalSection
EndGlobal
